github.com/antlr/antlr4 v0.0.0-20200326173327-a4c66dc863bb h1:jGlQhNsk+RHK5IFSvL5wUi+ed8HZPBR2ovtGyahWOcU=
github.com/antlr/antlr4 v0.0.0-20200326173327-a4c66dc863bb/go.mod h1:T7PbCXFs94rrTttyxjbyT5+/1V8T2TYDejxUfHJjw1Y=
github.com/freetaxii/freetaxii-client v0.0.0-20150623230521-5b7a96c6100b h1:RKnC7rd4VLU/1ARxr/XR0bREz1yn7YLu6qxm/eORRw0=
github.com/freetaxii/freetaxii-client v0.0.0-20150623230521-5b7a96c6100b/go.mod h1:kN5lozrB2wGefmnJXG/O/aEACG9jzZPkb0g4JX3AyxM=
github.com/freetaxii/libstix2 v0.6.1 h1:ASrbi9ETwqOIHQFOxUvT6B2a4pqXUIj8oTiWjDmhnOk=
github.com/freetaxii/libstix2 v0.6.1/go.mod h1:6iXAUwSQFjj+dR7FQ7TSPA+g17i8m+N79x3Z8VwWzkU=
github.com/freetaxii/testlab v0.5.1 h1:OSQ2eFPkUkAos/AlCNJlXNOeSEnamoUDuqgcJKiFn9A=
github.com/freetaxii/testlab v0.5.1/go.mod h1:05TDMn4OF4wH7hGuBeI4VdPxyDI+d5CGT4PrypAoR3U=
github.com/gologme/log v1.2.0 h1:Ya5Ip/KD6FX7uH0S31QO87nCCSucKtF44TLbTtO7V4c=
github.com/gologme/log v1.2.0/go.mod h1:gq31gQ8wEHkR+WekdWsqDuf8pXTUZA9BnnzTuPz1Y9U=
github.com/google/uuid v1.0.0 h1:b4Gk+7WdP/d3HZH8EJsZpvV7EtDOgaZLtnaNGIu1adA=
github.com/google/uuid v1.0.0/go.mod h1:TIyPZe4MgqvfeYDBFedMoGGpEw/LqOeaOT+nhxU+yHo=
github.com/pborman/getopt v0.0.0-20190409184431-ee0cd42419d3 h1:YtFkrqsMEj7YqpIhRteVxJxCeC3jJBieuLr0d4C4rSA=
github.com/pborman/getopt v0.0.0-20190409184431-ee0cd42419d3/go.mod h1:85jBQOZwpVEaDAr341tbn15RS4fCAsIst0qp7i8ex1o=
github.com/pborman/uuid v1.2.0 h1:J7Q5mO4ysT1dv8hyrUGHb9+ooztCXu1D8MY8DZYsu3g=
github.com/pborman/uuid v1.2.0/go.mod h1:X/NO0urCmaxf9VXbdlT7C2Yzkj2IKimNn4k+gtPdI/k=
gopl.io v0.0.0-20191021194416-1e9cbf3a0aca h1:Mpe3voiv0YNUjsBKrRGBe0zNfZfNru0AilOm/dQofAo=
gopl.io v0.0.0-20191021194416-1e9cbf3a0aca/go.mod h1:k9MBtwj/WjioNgt7Buity/chxOPmJqkZ5bEaeT4JVm4=
